
Microsoft Visual Studio Solution File, Format Version 12.00
# Visual Studio 15
VisualStudioVersion = 15.0.26124.0
MinimumVisualStudioVersion = 15.0.26124.0
Project("{FAE04EC0-301F-11D3-BF4B-00C04F79EFBC}") = "App.NG", "App.NG\App.NG.csproj", "{1AA750DD-5CE7-4470-A92A-C2AA17C4DD53}"
EndProject
Project("{FAE04EC0-301F-11D3-BF4B-00C04F79EFBC}") = "App.NG.Dep", "App.NG.Dep\App.NG.Dep.csproj", "{C10E396F-50E8-4AF2-A7FF-528E7E669D70}"
EndProject
Project("{FAE04EC0-301F-11D3-BF4B-00C04F79EFBC}") = "App.OK", "App.OK\App.OK.csproj", "{9B0CC17F-B284-4844-803E-14533635BB6A}"
EndProject
Project("{FAE04EC0-301F-11D3-BF4B-00C04F79EFBC}") = "Lib.A", "Lib.A\Lib.A.csproj", "{0C6A2BAC-7B96-4F7F-BFC9-CC394D49954D}"
EndProject
Project("{FAE04EC0-301F-11D3-BF4B-00C04F79EFBC}") = "Lib.B", "Lib.B\Lib.B.csproj", "{7C7AF203-9086-4670-9B93-AA15370652BC}"
EndProject
Project("{FAE04EC0-301F-11D3-BF4B-00C04F79EFBC}") = "Lib.C", "Lib.C\Lib.C.csproj", "{003289C4-180E-4CAD-ABB2-8103672D8BF6}"
EndProject
Global
	GlobalSection(SolutionConfigurationPlatforms) = preSolution
		Debug|Any CPU = Debug|Any CPU
		Debug|x64 = Debug|x64
		Debug|x86 = Debug|x86
		Release|Any CPU = Release|Any CPU
		Release|x64 = Release|x64
		Release|x86 = Release|x86
	EndGlobalSection
	GlobalSection(SolutionProperties) = preSolution
		HideSolutionNode = FALSE
	EndGlobalSection
	GlobalSection(ProjectConfigurationPlatforms) = postSolution
		{1AA750DD-5CE7-4470-A92A-C2AA17C4DD53}.Debug|Any CPU.ActiveCfg = Debug|Any CPU
		{1AA750DD-5CE7-4470-A92A-C2AA17C4DD53}.Debug|Any CPU.Build.0 = Debug|Any CPU
		{1AA750DD-5CE7-4470-A92A-C2AA17C4DD53}.Debug|x64.ActiveCfg = Debug|x64
		{1AA750DD-5CE7-4470-A92A-C2AA17C4DD53}.Debug|x64.Build.0 = Debug|x64
		{1AA750DD-5CE7-4470-A92A-C2AA17C4DD53}.Debug|x86.ActiveCfg = Debug|x86
		{1AA750DD-5CE7-4470-A92A-C2AA17C4DD53}.Debug|x86.Build.0 = Debug|x86
		{1AA750DD-5CE7-4470-A92A-C2AA17C4DD53}.Release|Any CPU.ActiveCfg = Release|Any CPU
		{1AA750DD-5CE7-4470-A92A-C2AA17C4DD53}.Release|Any CPU.Build.0 = Release|Any CPU
		{1AA750DD-5CE7-4470-A92A-C2AA17C4DD53}.Release|x64.ActiveCfg = Release|x64
		{1AA750DD-5CE7-4470-A92A-C2AA17C4DD53}.Release|x64.Build.0 = Release|x64
		{1AA750DD-5CE7-4470-A92A-C2AA17C4DD53}.Release|x86.ActiveCfg = Release|x86
		{1AA750DD-5CE7-4470-A92A-C2AA17C4DD53}.Release|x86.Build.0 = Release|x86
		{C10E396F-50E8-4AF2-A7FF-528E7E669D70}.Debug|Any CPU.ActiveCfg = Debug|Any CPU
		{C10E396F-50E8-4AF2-A7FF-528E7E669D70}.Debug|Any CPU.Build.0 = Debug|Any CPU
		{C10E396F-50E8-4AF2-A7FF-528E7E669D70}.Debug|x64.ActiveCfg = Debug|x64
		{C10E396F-50E8-4AF2-A7FF-528E7E669D70}.Debug|x64.Build.0 = Debug|x64
		{C10E396F-50E8-4AF2-A7FF-528E7E669D70}.Debug|x86.ActiveCfg = Debug|x86
		{C10E396F-50E8-4AF2-A7FF-528E7E669D70}.Debug|x86.Build.0 = Debug|x86
		{C10E396F-50E8-4AF2-A7FF-528E7E669D70}.Release|Any CPU.ActiveCfg = Release|Any CPU
		{C10E396F-50E8-4AF2-A7FF-528E7E669D70}.Release|Any CPU.Build.0 = Release|Any CPU
		{C10E396F-50E8-4AF2-A7FF-528E7E669D70}.Release|x64.ActiveCfg = Release|x64
		{C10E396F-50E8-4AF2-A7FF-528E7E669D70}.Release|x64.Build.0 = Release|x64
		{C10E396F-50E8-4AF2-A7FF-528E7E669D70}.Release|x86.ActiveCfg = Release|x86
		{C10E396F-50E8-4AF2-A7FF-528E7E669D70}.Release|x86.Build.0 = Release|x86
		{9B0CC17F-B284-4844-803E-14533635BB6A}.Debug|Any CPU.ActiveCfg = Debug|Any CPU
		{9B0CC17F-B284-4844-803E-14533635BB6A}.Debug|Any CPU.Build.0 = Debug|Any CPU
		{9B0CC17F-B284-4844-803E-14533635BB6A}.Debug|x64.ActiveCfg = Debug|x64
		{9B0CC17F-B284-4844-803E-14533635BB6A}.Debug|x64.Build.0 = Debug|x64
		{9B0CC17F-B284-4844-803E-14533635BB6A}.Debug|x86.ActiveCfg = Debug|x86
		{9B0CC17F-B284-4844-803E-14533635BB6A}.Debug|x86.Build.0 = Debug|x86
		{9B0CC17F-B284-4844-803E-14533635BB6A}.Release|Any CPU.ActiveCfg = Release|Any CPU
		{9B0CC17F-B284-4844-803E-14533635BB6A}.Release|Any CPU.Build.0 = Release|Any CPU
		{9B0CC17F-B284-4844-803E-14533635BB6A}.Release|x64.ActiveCfg = Release|x64
		{9B0CC17F-B284-4844-803E-14533635BB6A}.Release|x64.Build.0 = Release|x64
		{9B0CC17F-B284-4844-803E-14533635BB6A}.Release|x86.ActiveCfg = Release|x86
		{9B0CC17F-B284-4844-803E-14533635BB6A}.Release|x86.Build.0 = Release|x86
		{0C6A2BAC-7B96-4F7F-BFC9-CC394D49954D}.Debug|Any CPU.ActiveCfg = Debug|Any CPU
		{0C6A2BAC-7B96-4F7F-BFC9-CC394D49954D}.Debug|Any CPU.Build.0 = Debug|Any CPU
		{0C6A2BAC-7B96-4F7F-BFC9-CC394D49954D}.Debug|x64.ActiveCfg = Debug|x64
		{0C6A2BAC-7B96-4F7F-BFC9-CC394D49954D}.Debug|x64.Build.0 = Debug|x64
		{0C6A2BAC-7B96-4F7F-BFC9-CC394D49954D}.Debug|x86.ActiveCfg = Debug|x86
		{0C6A2BAC-7B96-4F7F-BFC9-CC394D49954D}.Debug|x86.Build.0 = Debug|x86
		{0C6A2BAC-7B96-4F7F-BFC9-CC394D49954D}.Release|Any CPU.ActiveCfg = Release|Any CPU
		{0C6A2BAC-7B96-4F7F-BFC9-CC394D49954D}.Release|Any CPU.Build.0 = Release|Any CPU
		{0C6A2BAC-7B96-4F7F-BFC9-CC394D49954D}.Release|x64.ActiveCfg = Release|x64
		{0C6A2BAC-7B96-4F7F-BFC9-CC394D49954D}.Release|x64.Build.0 = Release|x64
		{0C6A2BAC-7B96-4F7F-BFC9-CC394D49954D}.Release|x86.ActiveCfg = Release|x86
		{0C6A2BAC-7B96-4F7F-BFC9-CC394D49954D}.Release|x86.Build.0 = Release|x86
		{7C7AF203-9086-4670-9B93-AA15370652BC}.Debug|Any CPU.ActiveCfg = Debug|Any CPU
		{7C7AF203-9086-4670-9B93-AA15370652BC}.Debug|Any CPU.Build.0 = Debug|Any CPU
		{7C7AF203-9086-4670-9B93-AA15370652BC}.Debug|x64.ActiveCfg = Debug|x64
		{7C7AF203-9086-4670-9B93-AA15370652BC}.Debug|x64.Build.0 = Debug|x64
		{7C7AF203-9086-4670-9B93-AA15370652BC}.Debug|x86.ActiveCfg = Debug|x86
		{7C7AF203-9086-4670-9B93-AA15370652BC}.Debug|x86.Build.0 = Debug|x86
		{7C7AF203-9086-4670-9B93-AA15370652BC}.Release|Any CPU.ActiveCfg = Release|Any CPU
		{7C7AF203-9086-4670-9B93-AA15370652BC}.Release|Any CPU.Build.0 = Release|Any CPU
		{7C7AF203-9086-4670-9B93-AA15370652BC}.Release|x64.ActiveCfg = Release|x64
		{7C7AF203-9086-4670-9B93-AA15370652BC}.Release|x64.Build.0 = Release|x64
		{7C7AF203-9086-4670-9B93-AA15370652BC}.Release|x86.ActiveCfg = Release|x86
		{7C7AF203-9086-4670-9B93-AA15370652BC}.Release|x86.Build.0 = Release|x86
		{003289C4-180E-4CAD-ABB2-8103672D8BF6}.Debug|Any CPU.ActiveCfg = Debug|Any CPU
		{003289C4-180E-4CAD-ABB2-8103672D8BF6}.Debug|Any CPU.Build.0 = Debug|Any CPU
		{003289C4-180E-4CAD-ABB2-8103672D8BF6}.Debug|x64.ActiveCfg = Debug|x64
		{003289C4-180E-4CAD-ABB2-8103672D8BF6}.Debug|x64.Build.0 = Debug|x64
		{003289C4-180E-4CAD-ABB2-8103672D8BF6}.Debug|x86.ActiveCfg = Debug|x86
		{003289C4-180E-4CAD-ABB2-8103672D8BF6}.Debug|x86.Build.0 = Debug|x86
		{003289C4-180E-4CAD-ABB2-8103672D8BF6}.Release|Any CPU.ActiveCfg = Release|Any CPU
		{003289C4-180E-4CAD-ABB2-8103672D8BF6}.Release|Any CPU.Build.0 = Release|Any CPU
		{003289C4-180E-4CAD-ABB2-8103672D8BF6}.Release|x64.ActiveCfg = Release|x64
		{003289C4-180E-4CAD-ABB2-8103672D8BF6}.Release|x64.Build.0 = Release|x64
		{003289C4-180E-4CAD-ABB2-8103672D8BF6}.Release|x86.ActiveCfg = Release|x86
		{003289C4-180E-4CAD-ABB2-8103672D8BF6}.Release|x86.Build.0 = Release|x86
	EndGlobalSection
EndGlobal
