
Microsoft Visual Studio Solution File, Format Version 12.00
# Visual Studio 15
VisualStudioVersion = 15.0.26124.0
MinimumVisualStudioVersion = 15.0.26124.0
Project("{FAE04EC0-301F-11D3-BF4B-00C04F79EFBC}") = "App.NG", "App.NG\App.NG.csproj", "{B8323824-FB4D-421E-A871-D11F37784676}"
EndProject
Project("{FAE04EC0-301F-11D3-BF4B-00C04F79EFBC}") = "App.NG.Dep", "App.NG.Dep\App.NG.Dep.csproj", "{F2287569-B83B-4F93-BE16-E70EC66FC63B}"
EndProject
Project("{FAE04EC0-301F-11D3-BF4B-00C04F79EFBC}") = "App.OK", "App.OK\App.OK.csproj", "{42A56D08-F9CF-4C16-9B2A-58FB691C612C}"
EndProject
Project("{FAE04EC0-301F-11D3-BF4B-00C04F79EFBC}") = "Lib.A", "Lib.A\Lib.A.csproj", "{6954E73D-3718-4032-89CB-5A2D8222F322}"
EndProject
Project("{FAE04EC0-301F-11D3-BF4B-00C04F79EFBC}") = "Lib.B", "Lib.B\Lib.B.csproj", "{DDE7B4C2-C909-4319-B4F0-73B40F88C837}"
EndProject
Project("{FAE04EC0-301F-11D3-BF4B-00C04F79EFBC}") = "Lib.C", "Lib.C\Lib.C.csproj", "{6D0B4034-6376-42FC-A3FA-252CCCBA76AD}"
EndProject
Global
	GlobalSection(SolutionConfigurationPlatforms) = preSolution
		Debug|Any CPU = Debug|Any CPU
		Debug|x64 = Debug|x64
		Debug|x86 = Debug|x86
		Release|Any CPU = Release|Any CPU
		Release|x64 = Release|x64
		Release|x86 = Release|x86
	EndGlobalSection
	GlobalSection(SolutionProperties) = preSolution
		HideSolutionNode = FALSE
	EndGlobalSection
	GlobalSection(ProjectConfigurationPlatforms) = postSolution
		{B8323824-FB4D-421E-A871-D11F37784676}.Debug|Any CPU.ActiveCfg = Debug|Any CPU
		{B8323824-FB4D-421E-A871-D11F37784676}.Debug|Any CPU.Build.0 = Debug|Any CPU
		{B8323824-FB4D-421E-A871-D11F37784676}.Debug|x64.ActiveCfg = Debug|x64
		{B8323824-FB4D-421E-A871-D11F37784676}.Debug|x64.Build.0 = Debug|x64
		{B8323824-FB4D-421E-A871-D11F37784676}.Debug|x86.ActiveCfg = Debug|x86
		{B8323824-FB4D-421E-A871-D11F37784676}.Debug|x86.Build.0 = Debug|x86
		{B8323824-FB4D-421E-A871-D11F37784676}.Release|Any CPU.ActiveCfg = Release|Any CPU
		{B8323824-FB4D-421E-A871-D11F37784676}.Release|Any CPU.Build.0 = Release|Any CPU
		{B8323824-FB4D-421E-A871-D11F37784676}.Release|x64.ActiveCfg = Release|x64
		{B8323824-FB4D-421E-A871-D11F37784676}.Release|x64.Build.0 = Release|x64
		{B8323824-FB4D-421E-A871-D11F37784676}.Release|x86.ActiveCfg = Release|x86
		{B8323824-FB4D-421E-A871-D11F37784676}.Release|x86.Build.0 = Release|x86
		{F2287569-B83B-4F93-BE16-E70EC66FC63B}.Debug|Any CPU.ActiveCfg = Debug|Any CPU
		{F2287569-B83B-4F93-BE16-E70EC66FC63B}.Debug|Any CPU.Build.0 = Debug|Any CPU
		{F2287569-B83B-4F93-BE16-E70EC66FC63B}.Debug|x64.ActiveCfg = Debug|x64
		{F2287569-B83B-4F93-BE16-E70EC66FC63B}.Debug|x64.Build.0 = Debug|x64
		{F2287569-B83B-4F93-BE16-E70EC66FC63B}.Debug|x86.ActiveCfg = Debug|x86
		{F2287569-B83B-4F93-BE16-E70EC66FC63B}.Debug|x86.Build.0 = Debug|x86
		{F2287569-B83B-4F93-BE16-E70EC66FC63B}.Release|Any CPU.ActiveCfg = Release|Any CPU
		{F2287569-B83B-4F93-BE16-E70EC66FC63B}.Release|Any CPU.Build.0 = Release|Any CPU
		{F2287569-B83B-4F93-BE16-E70EC66FC63B}.Release|x64.ActiveCfg = Release|x64
		{F2287569-B83B-4F93-BE16-E70EC66FC63B}.Release|x64.Build.0 = Release|x64
		{F2287569-B83B-4F93-BE16-E70EC66FC63B}.Release|x86.ActiveCfg = Release|x86
		{F2287569-B83B-4F93-BE16-E70EC66FC63B}.Release|x86.Build.0 = Release|x86
		{42A56D08-F9CF-4C16-9B2A-58FB691C612C}.Debug|Any CPU.ActiveCfg = Debug|Any CPU
		{42A56D08-F9CF-4C16-9B2A-58FB691C612C}.Debug|Any CPU.Build.0 = Debug|Any CPU
		{42A56D08-F9CF-4C16-9B2A-58FB691C612C}.Debug|x64.ActiveCfg = Debug|x64
		{42A56D08-F9CF-4C16-9B2A-58FB691C612C}.Debug|x64.Build.0 = Debug|x64
		{42A56D08-F9CF-4C16-9B2A-58FB691C612C}.Debug|x86.ActiveCfg = Debug|x86
		{42A56D08-F9CF-4C16-9B2A-58FB691C612C}.Debug|x86.Build.0 = Debug|x86
		{42A56D08-F9CF-4C16-9B2A-58FB691C612C}.Release|Any CPU.ActiveCfg = Release|Any CPU
		{42A56D08-F9CF-4C16-9B2A-58FB691C612C}.Release|Any CPU.Build.0 = Release|Any CPU
		{42A56D08-F9CF-4C16-9B2A-58FB691C612C}.Release|x64.ActiveCfg = Release|x64
		{42A56D08-F9CF-4C16-9B2A-58FB691C612C}.Release|x64.Build.0 = Release|x64
		{42A56D08-F9CF-4C16-9B2A-58FB691C612C}.Release|x86.ActiveCfg = Release|x86
		{42A56D08-F9CF-4C16-9B2A-58FB691C612C}.Release|x86.Build.0 = Release|x86
		{6954E73D-3718-4032-89CB-5A2D8222F322}.Debug|Any CPU.ActiveCfg = Debug|Any CPU
		{6954E73D-3718-4032-89CB-5A2D8222F322}.Debug|Any CPU.Build.0 = Debug|Any CPU
		{6954E73D-3718-4032-89CB-5A2D8222F322}.Debug|x64.ActiveCfg = Debug|x64
		{6954E73D-3718-4032-89CB-5A2D8222F322}.Debug|x64.Build.0 = Debug|x64
		{6954E73D-3718-4032-89CB-5A2D8222F322}.Debug|x86.ActiveCfg = Debug|x86
		{6954E73D-3718-4032-89CB-5A2D8222F322}.Debug|x86.Build.0 = Debug|x86
		{6954E73D-3718-4032-89CB-5A2D8222F322}.Release|Any CPU.ActiveCfg = Release|Any CPU
		{6954E73D-3718-4032-89CB-5A2D8222F322}.Release|Any CPU.Build.0 = Release|Any CPU
		{6954E73D-3718-4032-89CB-5A2D8222F322}.Release|x64.ActiveCfg = Release|x64
		{6954E73D-3718-4032-89CB-5A2D8222F322}.Release|x64.Build.0 = Release|x64
		{6954E73D-3718-4032-89CB-5A2D8222F322}.Release|x86.ActiveCfg = Release|x86
		{6954E73D-3718-4032-89CB-5A2D8222F322}.Release|x86.Build.0 = Release|x86
		{DDE7B4C2-C909-4319-B4F0-73B40F88C837}.Debug|Any CPU.ActiveCfg = Debug|Any CPU
		{DDE7B4C2-C909-4319-B4F0-73B40F88C837}.Debug|Any CPU.Build.0 = Debug|Any CPU
		{DDE7B4C2-C909-4319-B4F0-73B40F88C837}.Debug|x64.ActiveCfg = Debug|x64
		{DDE7B4C2-C909-4319-B4F0-73B40F88C837}.Debug|x64.Build.0 = Debug|x64
		{DDE7B4C2-C909-4319-B4F0-73B40F88C837}.Debug|x86.ActiveCfg = Debug|x86
		{DDE7B4C2-C909-4319-B4F0-73B40F88C837}.Debug|x86.Build.0 = Debug|x86
		{DDE7B4C2-C909-4319-B4F0-73B40F88C837}.Release|Any CPU.ActiveCfg = Release|Any CPU
		{DDE7B4C2-C909-4319-B4F0-73B40F88C837}.Release|Any CPU.Build.0 = Release|Any CPU
		{DDE7B4C2-C909-4319-B4F0-73B40F88C837}.Release|x64.ActiveCfg = Release|x64
		{DDE7B4C2-C909-4319-B4F0-73B40F88C837}.Release|x64.Build.0 = Release|x64
		{DDE7B4C2-C909-4319-B4F0-73B40F88C837}.Release|x86.ActiveCfg = Release|x86
		{DDE7B4C2-C909-4319-B4F0-73B40F88C837}.Release|x86.Build.0 = Release|x86
		{6D0B4034-6376-42FC-A3FA-252CCCBA76AD}.Debug|Any CPU.ActiveCfg = Debug|Any CPU
		{6D0B4034-6376-42FC-A3FA-252CCCBA76AD}.Debug|Any CPU.Build.0 = Debug|Any CPU
		{6D0B4034-6376-42FC-A3FA-252CCCBA76AD}.Debug|x64.ActiveCfg = Debug|x64
		{6D0B4034-6376-42FC-A3FA-252CCCBA76AD}.Debug|x64.Build.0 = Debug|x64
		{6D0B4034-6376-42FC-A3FA-252CCCBA76AD}.Debug|x86.ActiveCfg = Debug|x86
		{6D0B4034-6376-42FC-A3FA-252CCCBA76AD}.Debug|x86.Build.0 = Debug|x86
		{6D0B4034-6376-42FC-A3FA-252CCCBA76AD}.Release|Any CPU.ActiveCfg = Release|Any CPU
		{6D0B4034-6376-42FC-A3FA-252CCCBA76AD}.Release|Any CPU.Build.0 = Release|Any CPU
		{6D0B4034-6376-42FC-A3FA-252CCCBA76AD}.Release|x64.ActiveCfg = Release|x64
		{6D0B4034-6376-42FC-A3FA-252CCCBA76AD}.Release|x64.Build.0 = Release|x64
		{6D0B4034-6376-42FC-A3FA-252CCCBA76AD}.Release|x86.ActiveCfg = Release|x86
		{6D0B4034-6376-42FC-A3FA-252CCCBA76AD}.Release|x86.Build.0 = Release|x86
	EndGlobalSection
EndGlobal
